
Microsoft Visual Studio Solution File, Format Version 12.00
# Visual Studio Version 16
VisualStudioVersion = 16.0.31025.194
MinimumVisualStudioVersion = 10.0.40219.1
Project("{FAE04EC0-301F-11D3-BF4B-00C04F79EFBC}") = "Reservation V4", "Reservation V4\Reservation V4.csproj", "{4D4753B9-F495-4FF8-975C-3EE4995BB114}"
EndProject
Global
	GlobalSection(SolutionConfigurationPlatforms) = preSolution
		Debug|Any CPU = Debug|Any CPU
		Release|Any CPU = Release|Any CPU
	EndGlobalSection
	GlobalSection(ProjectConfigurationPlatforms) = postSolution
		{4D4753B9-F495-4FF8-975C-3EE4995BB114}.Debug|Any CPU.ActiveCfg = Debug|Any CPU
		{4D4753B9-F495-4FF8-975C-3EE4995BB114}.Debug|Any CPU.Build.0 = Debug|Any CPU
		{4D4753B9-F495-4FF8-975C-3EE4995BB114}.Release|Any CPU.ActiveCfg = Release|Any CPU
		{4D4753B9-F495-4FF8-975C-3EE4995BB114}.Release|Any CPU.Build.0 = Release|Any CPU
	EndGlobalSection
	GlobalSection(SolutionProperties) = preSolution
		HideSolutionNode = FALSE
	EndGlobalSection
	GlobalSection(ExtensibilityGlobals) = postSolution
		SolutionGuid = {55DE068B-C9E6-4E14-A6BE-29827A250935}
	EndGlobalSection
EndGlobal
